
Microsoft Visual Studio Solution File, Format Version 12.00
# Visual Studio Version 16
VisualStudioVersion = 16.0.30128.74
MinimumVisualStudioVersion = 10.0.40219.1
Project("{2150E333-8FDC-42A3-9474-1A3956D46DE8}") = "01CORE", "01CORE", "{257FF955-655E-4FED-839F-43DD92B3EF61}"
EndProject
Project("{2150E333-8FDC-42A3-9474-1A3956D46DE8}") = "02SERVICE", "02SERVICE", "{03CAE74E-4CD1-4C8F-AEE2-BF3C0047A23D}"
EndProject
Project("{2150E333-8FDC-42A3-9474-1A3956D46DE8}") = "03INFRASTRUCTURES", "03INFRASTRUCTURES", "{124DED32-DC2F-46F1-ABB3-4AE1ED05B01F}"
EndProject
Project("{2150E333-8FDC-42A3-9474-1A3956D46DE8}") = "04ENDPOINT", "04ENDPOINT", "{B85C0691-BA38-4CC1-9037-0DDD5369A71F}"
	ProjectSection(SolutionItems) = preProject
		INFRASTRUCTURES.DAL\ContextMed.cs = INFRASTRUCTURES.DAL\ContextMed.cs
	EndProjectSection
EndProject
Project("{9A19103F-16F7-4668-BE54-9A1E7A4F7556}") = "CORE.DOMAIN", "CORE.DOMAIN\CORE.DOMAIN.csproj", "{64CF796F-D247-470A-B52F-5C126C072887}"
EndProject
Project("{9A19103F-16F7-4668-BE54-9A1E7A4F7556}") = "SERCIVE.APPSERVICE", "SERCIVE.SERVICE\SERCIVE.APPSERVICE.csproj", "{C6347D31-DCAB-48F6-ADF9-0CEF8EE344DE}"
EndProject
Project("{9A19103F-16F7-4668-BE54-9A1E7A4F7556}") = "INFRASTRUCTURES.DAL", "INFRASTRUCTURES.DAL\INFRASTRUCTURES.DAL.csproj", "{1A93685F-A320-4B87-96C4-D8FD619A0258}"
EndProject
Project("{9A19103F-16F7-4668-BE54-9A1E7A4F7556}") = "ENDPOINT.API", "ENDPOINT.API\ENDPOINT.API.csproj", "{7045EDEB-5AAB-45EB-9BC8-04C611D015F3}"
EndProject
Project("{9A19103F-16F7-4668-BE54-9A1E7A4F7556}") = "CORE.CONTRACT", "CORE.CONTRACT\CORE.CONTRACT.csproj", "{603CE8DE-BF52-4E2C-BE3B-1D5E47DB066F}"
EndProject
Project("{FAE04EC0-301F-11D3-BF4B-00C04F79EFBC}") = "ENDPOINT.ADMINPANEL", "ENDPOINT.ADMINPANEL\ENDPOINT.ADMINPANEL.csproj", "{56CF6A71-1FC5-45F1-A03E-E4B70CEED1FA}"
EndProject
Project("{FAE04EC0-301F-11D3-BF4B-00C04F79EFBC}") = "ENDPOINT.WEBUI", "ENDPOINT.WEBUI\ENDPOINT.WEBUI.csproj", "{FC6D0C00-A234-4D02-A53B-8FE5A84F566A}"
EndProject
Global
	GlobalSection(SolutionConfigurationPlatforms) = preSolution
		Debug|Any CPU = Debug|Any CPU
		Release|Any CPU = Release|Any CPU
	EndGlobalSection
	GlobalSection(ProjectConfigurationPlatforms) = postSolution
		{64CF796F-D247-470A-B52F-5C126C072887}.Debug|Any CPU.ActiveCfg = Debug|Any CPU
		{64CF796F-D247-470A-B52F-5C126C072887}.Debug|Any CPU.Build.0 = Debug|Any CPU
		{64CF796F-D247-470A-B52F-5C126C072887}.Release|Any CPU.ActiveCfg = Release|Any CPU
		{64CF796F-D247-470A-B52F-5C126C072887}.Release|Any CPU.Build.0 = Release|Any CPU
		{C6347D31-DCAB-48F6-ADF9-0CEF8EE344DE}.Debug|Any CPU.ActiveCfg = Debug|Any CPU
		{C6347D31-DCAB-48F6-ADF9-0CEF8EE344DE}.Debug|Any CPU.Build.0 = Debug|Any CPU
		{C6347D31-DCAB-48F6-ADF9-0CEF8EE344DE}.Release|Any CPU.ActiveCfg = Release|Any CPU
		{C6347D31-DCAB-48F6-ADF9-0CEF8EE344DE}.Release|Any CPU.Build.0 = Release|Any CPU
		{1A93685F-A320-4B87-96C4-D8FD619A0258}.Debug|Any CPU.ActiveCfg = Debug|Any CPU
		{1A93685F-A320-4B87-96C4-D8FD619A0258}.Debug|Any CPU.Build.0 = Debug|Any CPU
		{1A93685F-A320-4B87-96C4-D8FD619A0258}.Release|Any CPU.ActiveCfg = Release|Any CPU
		{1A93685F-A320-4B87-96C4-D8FD619A0258}.Release|Any CPU.Build.0 = Release|Any CPU
		{7045EDEB-5AAB-45EB-9BC8-04C611D015F3}.Debug|Any CPU.ActiveCfg = Debug|Any CPU
		{7045EDEB-5AAB-45EB-9BC8-04C611D015F3}.Debug|Any CPU.Build.0 = Debug|Any CPU
		{7045EDEB-5AAB-45EB-9BC8-04C611D015F3}.Release|Any CPU.ActiveCfg = Release|Any CPU
		{7045EDEB-5AAB-45EB-9BC8-04C611D015F3}.Release|Any CPU.Build.0 = Release|Any CPU
		{603CE8DE-BF52-4E2C-BE3B-1D5E47DB066F}.Debug|Any CPU.ActiveCfg = Debug|Any CPU
		{603CE8DE-BF52-4E2C-BE3B-1D5E47DB066F}.Debug|Any CPU.Build.0 = Debug|Any CPU
		{603CE8DE-BF52-4E2C-BE3B-1D5E47DB066F}.Release|Any CPU.ActiveCfg = Release|Any CPU
		{603CE8DE-BF52-4E2C-BE3B-1D5E47DB066F}.Release|Any CPU.Build.0 = Release|Any CPU
		{56CF6A71-1FC5-45F1-A03E-E4B70CEED1FA}.Debug|Any CPU.ActiveCfg = Debug|Any CPU
		{56CF6A71-1FC5-45F1-A03E-E4B70CEED1FA}.Debug|Any CPU.Build.0 = Debug|Any CPU
		{56CF6A71-1FC5-45F1-A03E-E4B70CEED1FA}.Release|Any CPU.ActiveCfg = Release|Any CPU
		{56CF6A71-1FC5-45F1-A03E-E4B70CEED1FA}.Release|Any CPU.Build.0 = Release|Any CPU
		{FC6D0C00-A234-4D02-A53B-8FE5A84F566A}.Debug|Any CPU.ActiveCfg = Debug|Any CPU
		{FC6D0C00-A234-4D02-A53B-8FE5A84F566A}.Debug|Any CPU.Build.0 = Debug|Any CPU
		{FC6D0C00-A234-4D02-A53B-8FE5A84F566A}.Release|Any CPU.ActiveCfg = Release|Any CPU
		{FC6D0C00-A234-4D02-A53B-8FE5A84F566A}.Release|Any CPU.Build.0 = Release|Any CPU
	EndGlobalSection
	GlobalSection(SolutionProperties) = preSolution
		HideSolutionNode = FALSE
	EndGlobalSection
	GlobalSection(NestedProjects) = preSolution
		{64CF796F-D247-470A-B52F-5C126C072887} = {257FF955-655E-4FED-839F-43DD92B3EF61}
		{C6347D31-DCAB-48F6-ADF9-0CEF8EE344DE} = {03CAE74E-4CD1-4C8F-AEE2-BF3C0047A23D}
		{1A93685F-A320-4B87-96C4-D8FD619A0258} = {124DED32-DC2F-46F1-ABB3-4AE1ED05B01F}
		{7045EDEB-5AAB-45EB-9BC8-04C611D015F3} = {B85C0691-BA38-4CC1-9037-0DDD5369A71F}
		{603CE8DE-BF52-4E2C-BE3B-1D5E47DB066F} = {257FF955-655E-4FED-839F-43DD92B3EF61}
		{56CF6A71-1FC5-45F1-A03E-E4B70CEED1FA} = {B85C0691-BA38-4CC1-9037-0DDD5369A71F}
		{FC6D0C00-A234-4D02-A53B-8FE5A84F566A} = {B85C0691-BA38-4CC1-9037-0DDD5369A71F}
	EndGlobalSection
	GlobalSection(ExtensibilityGlobals) = postSolution
		SolutionGuid = {439A8E25-82D9-4847-8D4F-04F1B2D030D7}
	EndGlobalSection
EndGlobal
